
Microsoft Visual Studio Solution File, Format Version 10.00
# Visual Studio 2008
Project("{8BC9CEB8-8B4A-11D0-8D11-00A0C91BC942}") = "XML_parser", "XML_parser\XML_parser.vcproj", "{F494A453-0E00-4824-B633-576AC55F66D4}"
EndProject
Global
	GlobalSection(SolutionConfigurationPlatforms) = preSolution
		Debug|Win32 = Debug|Win32
		Release|Win32 = Release|Win32
	EndGlobalSection
	GlobalSection(ProjectConfigurationPlatforms) = postSolution
		{F494A453-0E00-4824-B633-576AC55F66D4}.Debug|Win32.ActiveCfg = Debug|Win32
		{F494A453-0E00-4824-B633-576AC55F66D4}.Debug|Win32.Build.0 = Debug|Win32
		{F494A453-0E00-4824-B633-576AC55F66D4}.Release|Win32.ActiveCfg = Release|Win32
		{F494A453-0E00-4824-B633-576AC55F66D4}.Release|Win32.Build.0 = Release|Win32
	EndGlobalSection
	GlobalSection(SolutionProperties) = preSolution
		HideSolutionNode = FALSE
	EndGlobalSection
EndGlobal
